
Microsoft Visual Studio Solution File, Format Version 12.00
# Visual Studio Version 17
VisualStudioVersion = 17.1.32328.378
MinimumVisualStudioVersion = 10.0.40219.1
Project("{FAE04EC0-301F-11D3-BF4B-00C04F79EFBC}") = "Proj.1'st.IntroToGitHub", "Proj.1'st.IntroToGitHub\Proj.1'st.IntroToGitHub.csproj", "{E2CB5383-84FC-4B79-A3F2-117401555E54}"
EndProject
Project("{FAE04EC0-301F-11D3-BF4B-00C04F79EFBC}") = "Serialization", "Serialization\Serialization.csproj", "{7F6BC844-B1E5-4969-8E93-0F1D5BD0B576}"
EndProject
Project("{FAE04EC0-301F-11D3-BF4B-00C04F79EFBC}") = "Targil.serilization", "Targil.serilization\Targil.serilization.csproj", "{F1177E3F-E0F8-44E2-9AC9-2BE8F2A97DCA}"
EndProject
Global
	GlobalSection(SolutionConfigurationPlatforms) = preSolution
		Debug|Any CPU = Debug|Any CPU
		Release|Any CPU = Release|Any CPU
	EndGlobalSection
	GlobalSection(ProjectConfigurationPlatforms) = postSolution
		{E2CB5383-84FC-4B79-A3F2-117401555E54}.Debug|Any CPU.ActiveCfg = Debug|Any CPU
		{E2CB5383-84FC-4B79-A3F2-117401555E54}.Debug|Any CPU.Build.0 = Debug|Any CPU
		{E2CB5383-84FC-4B79-A3F2-117401555E54}.Release|Any CPU.ActiveCfg = Release|Any CPU
		{E2CB5383-84FC-4B79-A3F2-117401555E54}.Release|Any CPU.Build.0 = Release|Any CPU
		{7F6BC844-B1E5-4969-8E93-0F1D5BD0B576}.Debug|Any CPU.ActiveCfg = Debug|Any CPU
		{7F6BC844-B1E5-4969-8E93-0F1D5BD0B576}.Debug|Any CPU.Build.0 = Debug|Any CPU
		{7F6BC844-B1E5-4969-8E93-0F1D5BD0B576}.Release|Any CPU.ActiveCfg = Release|Any CPU
		{7F6BC844-B1E5-4969-8E93-0F1D5BD0B576}.Release|Any CPU.Build.0 = Release|Any CPU
		{F1177E3F-E0F8-44E2-9AC9-2BE8F2A97DCA}.Debug|Any CPU.ActiveCfg = Debug|Any CPU
		{F1177E3F-E0F8-44E2-9AC9-2BE8F2A97DCA}.Debug|Any CPU.Build.0 = Debug|Any CPU
		{F1177E3F-E0F8-44E2-9AC9-2BE8F2A97DCA}.Release|Any CPU.ActiveCfg = Release|Any CPU
		{F1177E3F-E0F8-44E2-9AC9-2BE8F2A97DCA}.Release|Any CPU.Build.0 = Release|Any CPU
	EndGlobalSection
	GlobalSection(SolutionProperties) = preSolution
		HideSolutionNode = FALSE
	EndGlobalSection
	GlobalSection(ExtensibilityGlobals) = postSolution
		SolutionGuid = {76ABA49D-132C-4DCA-B24F-72D36D23FF84}
	EndGlobalSection
EndGlobal
