
Microsoft Visual Studio Solution File, Format Version 12.00
# Visual Studio Version 17
VisualStudioVersion = 17.1.32407.343
MinimumVisualStudioVersion = 10.0.40219.1
Project("{FAE04EC0-301F-11D3-BF4B-00C04F79EFBC}") = "WeatherStatusApi", "WeatherStatusApi.csproj", "{FD9ABDB3-AC31-488E-8AC7-F51B4335E060}"
EndProject
Global
	GlobalSection(SolutionConfigurationPlatforms) = preSolution
		Debug|Any CPU = Debug|Any CPU
		Release|Any CPU = Release|Any CPU
	EndGlobalSection
	GlobalSection(ProjectConfigurationPlatforms) = postSolution
		{FD9ABDB3-AC31-488E-8AC7-F51B4335E060}.Debug|Any CPU.ActiveCfg = Debug|Any CPU
		{FD9ABDB3-AC31-488E-8AC7-F51B4335E060}.Debug|Any CPU.Build.0 = Debug|Any CPU
		{FD9ABDB3-AC31-488E-8AC7-F51B4335E060}.Release|Any CPU.ActiveCfg = Release|Any CPU
		{FD9ABDB3-AC31-488E-8AC7-F51B4335E060}.Release|Any CPU.Build.0 = Release|Any CPU
	EndGlobalSection
	GlobalSection(SolutionProperties) = preSolution
		HideSolutionNode = FALSE
	EndGlobalSection
	GlobalSection(ExtensibilityGlobals) = postSolution
		SolutionGuid = {FDF30724-E491-45DC-8383-352036391B40}
	EndGlobalSection
EndGlobal
